
Microsoft Visual Studio Solution File, Format Version 12.00
# Visual Studio 2012
Project("{FAE04EC0-301F-11D3-BF4B-00C04F79EFBC}") = "VirtualSummit", "Source\VirtualSummit\VirtualSummit.csproj", "{D7BA8853-42E5-4406-8493-D8CF0A9A2533}"
EndProject
Project("{CAA73BB0-EF22-4D79-A57E-DF67B3BA9C80}") = "VirtualSummit.Master", "Source\VirtualSummit.Master\VirtualSummit.Master.scproj", "{2D1F5735-BADC-4BC0-924E-6EAEE5E3CC9E}"
EndProject
Project("{FAE04EC0-301F-11D3-BF4B-00C04F79EFBC}") = "VirtualSummit.Tests", "Source\VirtualSummit.Tests\VirtualSummit.Tests.csproj", "{97C457C8-D27F-4727-949B-98E31C7506FE}"
EndProject
Global
	GlobalSection(SolutionConfigurationPlatforms) = preSolution
		Debug|Any CPU = Debug|Any CPU
		Release|Any CPU = Release|Any CPU
	EndGlobalSection
	GlobalSection(ProjectConfigurationPlatforms) = postSolution
		{D7BA8853-42E5-4406-8493-D8CF0A9A2533}.Debug|Any CPU.ActiveCfg = Debug|Any CPU
		{D7BA8853-42E5-4406-8493-D8CF0A9A2533}.Debug|Any CPU.Build.0 = Debug|Any CPU
		{D7BA8853-42E5-4406-8493-D8CF0A9A2533}.Release|Any CPU.ActiveCfg = Release|Any CPU
		{D7BA8853-42E5-4406-8493-D8CF0A9A2533}.Release|Any CPU.Build.0 = Release|Any CPU
		{2D1F5735-BADC-4BC0-924E-6EAEE5E3CC9E}.Debug|Any CPU.ActiveCfg = Debug|Any CPU
		{2D1F5735-BADC-4BC0-924E-6EAEE5E3CC9E}.Debug|Any CPU.Build.0 = Debug|Any CPU
		{2D1F5735-BADC-4BC0-924E-6EAEE5E3CC9E}.Debug|Any CPU.Deploy.0 = Debug|Any CPU
		{2D1F5735-BADC-4BC0-924E-6EAEE5E3CC9E}.Release|Any CPU.ActiveCfg = Release|Any CPU
		{2D1F5735-BADC-4BC0-924E-6EAEE5E3CC9E}.Release|Any CPU.Build.0 = Release|Any CPU
		{2D1F5735-BADC-4BC0-924E-6EAEE5E3CC9E}.Release|Any CPU.Deploy.0 = Release|Any CPU
		{97C457C8-D27F-4727-949B-98E31C7506FE}.Debug|Any CPU.ActiveCfg = Debug|Any CPU
		{97C457C8-D27F-4727-949B-98E31C7506FE}.Debug|Any CPU.Build.0 = Debug|Any CPU
		{97C457C8-D27F-4727-949B-98E31C7506FE}.Release|Any CPU.ActiveCfg = Release|Any CPU
		{97C457C8-D27F-4727-949B-98E31C7506FE}.Release|Any CPU.Build.0 = Release|Any CPU
	EndGlobalSection
	GlobalSection(SolutionProperties) = preSolution
		HideSolutionNode = FALSE
	EndGlobalSection
EndGlobal
